
Microsoft Visual Studio Solution File, Format Version 12.00
# Visual Studio Version 17
VisualStudioVersion = 17.9.34723.18
MinimumVisualStudioVersion = 10.0.40219.1
Project("{FAE04EC0-301F-11D3-BF4B-00C04F79EFBC}") = "MRSTWEb.Web", "MRSTWEb.Web.csproj", "{8C93DFA6-88A3-4F42-8EDD-3A2276512F50}"
EndProject
Project("{FAE04EC0-301F-11D3-BF4B-00C04F79EFBC}") = "MRSTWEb.BusinessLogic", "..\MRSTWEb.BusinessLogic\MRSTWEb.BusinessLogic.csproj", "{6695BEE8-B28A-4742-9AC7-B9F9658F9C8E}"
EndProject
Project("{FAE04EC0-301F-11D3-BF4B-00C04F79EFBC}") = "MRSTWEb.Domain", "..\MRSTWEb.Domain\MRSTWEb.Domain.csproj", "{58E98F90-A7A3-4967-B111-B3583038EFD2}"
EndProject
Project("{FAE04EC0-301F-11D3-BF4B-00C04F79EFBC}") = "MRSTWEb.Helpers", "..\MRSTWEb.Helpers\MRSTWEb.Helpers.csproj", "{E9C3F3C8-83D8-489C-B203-83B3EBE7F334}"
EndProject
Global
	GlobalSection(SolutionConfigurationPlatforms) = preSolution
		Debug|Any CPU = Debug|Any CPU
		Release|Any CPU = Release|Any CPU
	EndGlobalSection
	GlobalSection(ProjectConfigurationPlatforms) = postSolution
		{8C93DFA6-88A3-4F42-8EDD-3A2276512F50}.Debug|Any CPU.ActiveCfg = Debug|Any CPU
		{8C93DFA6-88A3-4F42-8EDD-3A2276512F50}.Debug|Any CPU.Build.0 = Debug|Any CPU
		{8C93DFA6-88A3-4F42-8EDD-3A2276512F50}.Release|Any CPU.ActiveCfg = Release|Any CPU
		{8C93DFA6-88A3-4F42-8EDD-3A2276512F50}.Release|Any CPU.Build.0 = Release|Any CPU
		{6695BEE8-B28A-4742-9AC7-B9F9658F9C8E}.Debug|Any CPU.ActiveCfg = Debug|Any CPU
		{6695BEE8-B28A-4742-9AC7-B9F9658F9C8E}.Debug|Any CPU.Build.0 = Debug|Any CPU
		{6695BEE8-B28A-4742-9AC7-B9F9658F9C8E}.Release|Any CPU.ActiveCfg = Release|Any CPU
		{6695BEE8-B28A-4742-9AC7-B9F9658F9C8E}.Release|Any CPU.Build.0 = Release|Any CPU
		{58E98F90-A7A3-4967-B111-B3583038EFD2}.Debug|Any CPU.ActiveCfg = Debug|Any CPU
		{58E98F90-A7A3-4967-B111-B3583038EFD2}.Debug|Any CPU.Build.0 = Debug|Any CPU
		{58E98F90-A7A3-4967-B111-B3583038EFD2}.Release|Any CPU.ActiveCfg = Release|Any CPU
		{58E98F90-A7A3-4967-B111-B3583038EFD2}.Release|Any CPU.Build.0 = Release|Any CPU
		{E9C3F3C8-83D8-489C-B203-83B3EBE7F334}.Debug|Any CPU.ActiveCfg = Debug|Any CPU
		{E9C3F3C8-83D8-489C-B203-83B3EBE7F334}.Debug|Any CPU.Build.0 = Debug|Any CPU
		{E9C3F3C8-83D8-489C-B203-83B3EBE7F334}.Release|Any CPU.ActiveCfg = Release|Any CPU
		{E9C3F3C8-83D8-489C-B203-83B3EBE7F334}.Release|Any CPU.Build.0 = Release|Any CPU
	EndGlobalSection
	GlobalSection(SolutionProperties) = preSolution
		HideSolutionNode = FALSE
	EndGlobalSection
	GlobalSection(ExtensibilityGlobals) = postSolution
		SolutionGuid = {12C54696-0015-4112-934D-89DDF8515E3C}
	EndGlobalSection
EndGlobal
